
Microsoft Visual Studio Solution File, Format Version 12.00
# Visual Studio Version 16
VisualStudioVersion = 16.0.30517.126
MinimumVisualStudioVersion = 10.0.40219.1
Project("{FAE04EC0-301F-11D3-BF4B-00C04F79EFBC}") = "SSLCommerz.Web", "SSLCommerz.Web\SSLCommerz.Web.csproj", "{FEB59AFE-789D-458C-A671-351E8698F6CB}"
EndProject
Global
	GlobalSection(SolutionConfigurationPlatforms) = preSolution
		Debug|Any CPU = Debug|Any CPU
		Release|Any CPU = Release|Any CPU
	EndGlobalSection
	GlobalSection(ProjectConfigurationPlatforms) = postSolution
		{FEB59AFE-789D-458C-A671-351E8698F6CB}.Debug|Any CPU.ActiveCfg = Debug|Any CPU
		{FEB59AFE-789D-458C-A671-351E8698F6CB}.Debug|Any CPU.Build.0 = Debug|Any CPU
		{FEB59AFE-789D-458C-A671-351E8698F6CB}.Release|Any CPU.ActiveCfg = Release|Any CPU
		{FEB59AFE-789D-458C-A671-351E8698F6CB}.Release|Any CPU.Build.0 = Release|Any CPU
	EndGlobalSection
	GlobalSection(SolutionProperties) = preSolution
		HideSolutionNode = FALSE
	EndGlobalSection
	GlobalSection(ExtensibilityGlobals) = postSolution
		SolutionGuid = {B382865E-8D5C-4785-8187-2D4F97FF17DC}
	EndGlobalSection
EndGlobal
